PODS:
  - SDWebImage (5.15.8):
    - SDWebImage/Core (= 5.15.8)
  - SDWebImage/Core (5.15.8)

DEPENDENCIES:
  - SDWebImage

SPEC REPOS:
  trunk:
    - SDWebImage

SPEC CHECKSUMS:
  SDWebImage: cb032eba469c54e0000e78bcb0a13cdde0a52798

PODFILE CHECKSUM: 6b3ed6f5539c784b46139deff79edcc3ac242c2c

COCOAPODS: 1.12.1
